
Microsoft Visual Studio Solution File, Format Version 12.00
# Visual Studio 15
VisualStudioVersion = 15.0.26730.12
MinimumVisualStudioVersion = 10.0.40219.1
Project("{9A19103F-16F7-4668-BE54-9A1E7A4F7556}") = "SharedHardware", "SharedHardware\SharedHardware.csproj", "{62E4BE30-7781-45C7-B40D-B5139ED3366E}"
EndProject
Project("{9A19103F-16F7-4668-BE54-9A1E7A4F7556}") = "ResourceController", "ResourceController\ResourceController.csproj", "{17888F32-0FFB-40B2-B576-D9A98AA39ED5}"
EndProject
Project("{9A19103F-16F7-4668-BE54-9A1E7A4F7556}") = "DBContext", "DBContext\DBContext.csproj", "{88F89252-7F0D-4692-9B18-7D101A90B378}"
EndProject
Global
	GlobalSection(SolutionConfigurationPlatforms) = preSolution
		Debug|Any CPU = Debug|Any CPU
		Release|Any CPU = Release|Any CPU
	EndGlobalSection
	GlobalSection(ProjectConfigurationPlatforms) = postSolution
		{62E4BE30-7781-45C7-B40D-B5139ED3366E}.Debug|Any CPU.ActiveCfg = Debug|Any CPU
		{62E4BE30-7781-45C7-B40D-B5139ED3366E}.Debug|Any CPU.Build.0 = Debug|Any CPU
		{62E4BE30-7781-45C7-B40D-B5139ED3366E}.Release|Any CPU.ActiveCfg = Release|Any CPU
		{62E4BE30-7781-45C7-B40D-B5139ED3366E}.Release|Any CPU.Build.0 = Release|Any CPU
		{17888F32-0FFB-40B2-B576-D9A98AA39ED5}.Debug|Any CPU.ActiveCfg = Debug|Any CPU
		{17888F32-0FFB-40B2-B576-D9A98AA39ED5}.Debug|Any CPU.Build.0 = Debug|Any CPU
		{17888F32-0FFB-40B2-B576-D9A98AA39ED5}.Release|Any CPU.ActiveCfg = Release|Any CPU
		{17888F32-0FFB-40B2-B576-D9A98AA39ED5}.Release|Any CPU.Build.0 = Release|Any CPU
		{88F89252-7F0D-4692-9B18-7D101A90B378}.Debug|Any CPU.ActiveCfg = Debug|Any CPU
		{88F89252-7F0D-4692-9B18-7D101A90B378}.Debug|Any CPU.Build.0 = Debug|Any CPU
		{88F89252-7F0D-4692-9B18-7D101A90B378}.Release|Any CPU.ActiveCfg = Release|Any CPU
		{88F89252-7F0D-4692-9B18-7D101A90B378}.Release|Any CPU.Build.0 = Release|Any CPU
	EndGlobalSection
	GlobalSection(SolutionProperties) = preSolution
		HideSolutionNode = FALSE
	EndGlobalSection
	GlobalSection(NestedProjects) = preSolution
		{62E4BE30-7781-45C7-B40D-B5139ED3366E} = {83FC2D66-D03A-4758-AD15-ADB17C12AF6C}
		{17888F32-0FFB-40B2-B576-D9A98AA39ED5} = {83FC2D66-D03A-4758-AD15-ADB17C12AF6C}
		{88F89252-7F0D-4692-9B18-7D101A90B378} = {83FC2D66-D03A-4758-AD15-ADB17C12AF6C}
	EndGlobalSection
	GlobalSection(ExtensibilityGlobals) = postSolution
		SolutionGuid = {F90CEDA8-3368-4F49-BFFE-B0350C486D4A}
	EndGlobalSection
EndGlobal
